// !$*UTF8*$!
{
	archiveVersion = 1;
	classes = {
	};
	objectVersion = 46;
	objects = {

/* Begin PBXBuildFile section */
		668E51E2C2FB482C0386E737 /* libPods-ivprototypeTests.a in Frameworks */ = {isa = PBXBuildFile; fileRef = A4019E3ECE4BF9365987356C /* libPods-ivprototypeTests.a */; };
		6D1E17F1FD2B1134C7937299 /* libPods-ivprototype.a in Frameworks */ = {isa = PBXBuildFile; fileRef = 5BEA303FF3619A9A79E2458C /* libPods-ivprototype.a */; };
		EEDF1B581C9762350023B80A /* main.m in Sources */ = {isa = PBXBuildFile; fileRef = EEDF1B571C9762350023B80A /* main.m */; };
		EEDF1B5B1C9762350023B80A /* AppDelegate.m in Sources */ = {isa = PBXBuildFile; fileRef = EEDF1B5A1C9762350023B80A /* AppDelegate.m */; };
		EEDF1B631C9762350023B80A /* Assets.xcassets in Resources */ = {isa = PBXBuildFile; fileRef = EEDF1B621C9762350023B80A /* Assets.xcassets */; };
		EEDF1B711C9762350023B80A /* ivprototypeTests.m in Sources */ = {isa = PBXBuildFile; fileRef = EEDF1B701C9762350023B80A /* ivprototypeTests.m */; };
		EEDF1B911C9780B60023B80A /* FlowManager.m in Sources */ = {isa = PBXBuildFile; fileRef = EEDF1B901C9780B60023B80A /* FlowManager.m */; };
		EEDF1B971C9782490023B80A /* LaunchScreen.storyboard in Resources */ = {isa = PBXBuildFile; fileRef = EEDF1B941C9782490023B80A /* LaunchScreen.storyboard */; };
		EEDF1B981C9782490023B80A /* Login.storyboard in Resources */ = {isa = PBXBuildFile; fileRef = EEDF1B951C9782490023B80A /* Login.storyboard */; };
		EEDF1B991C9782490023B80A /* Main.storyboard in Resources */ = {isa = PBXBuildFile; fileRef = EEDF1B961C9782490023B80A /* Main.storyboard */; };
		EEDF1B9C1C9785E20023B80A /* LoginViewController.m in Sources */ = {isa = PBXBuildFile; fileRef = EEDF1B9B1C9785E20023B80A /* LoginViewController.m */; };
		EEDF1B9F1C9787D30023B80A /* InboxViewController.m in Sources */ = {isa = PBXBuildFile; fileRef = EEDF1B9E1C9787D30023B80A /* InboxViewController.m */; };
		EEDF1BA21C97A2D90023B80A /* Email.m in Sources */ = {isa = PBXBuildFile; fileRef = EEDF1BA11C97A2D90023B80A /* Email.m */; };
		EEDF1BA51C97A2FB0023B80A /* EmailService.m in Sources */ = {isa = PBXBuildFile; fileRef = EEDF1BA41C97A2FB0023B80A /* EmailService.m */; };
		EEDF1BAB1C97AC200023B80A /* RemoteService.m in Sources */ = {isa = PBXBuildFile; fileRef = EEDF1BAA1C97AC200023B80A /* RemoteService.m */; };
		EEDF1BAE1C97AC300023B80A /* RemoteResource.m in Sources */ = {isa = PBXBuildFile; fileRef = EEDF1BAD1C97AC300023B80A /* RemoteResource.m */; };
		EEDF1BB11C97B6AE0023B80A /* EmailFlowManager.m in Sources */ = {isa = PBXBuildFile; fileRef = EEDF1BB01C97B6AE0023B80A /* EmailFlowManager.m */; };
		EEDF1BBF1C98758F0023B80A /* Inbox.m in Sources */ = {isa = PBXBuildFile; fileRef = EEDF1BBE1C98758F0023B80A /* Inbox.m */; };
		EEDF1BC31C989CCA0023B80A /* InboxTableViewCell.m in Sources */ = {isa = PBXBuildFile; fileRef = EEDF1BC11C989CCA0023B80A /* InboxTableViewCell.m */; };
		EEDF1BC71C98FBB00023B80A /* DetailViewController.m in Sources */ = {isa = PBXBuildFile; fileRef = EEDF1BC61C98FBB00023B80A /* DetailViewController.m */; };
		EEDF1BD11C99E6370023B80A /* MenuViewController.m in Sources */ = {isa = PBXBuildFile; fileRef = EEDF1BD01C99E6370023B80A /* MenuViewController.m */; };
		EEDF1BD51C9A049D0023B80A /* DrawerViewController.m in Sources */ = {isa = PBXBuildFile; fileRef = EEDF1BD41C9A049D0023B80A /* DrawerViewController.m */; };
		EEDF1BDA1C9A05280023B80A /* NSString+Validator.m in Sources */ = {isa = PBXBuildFile; fileRef = EEDF1BD91C9A05280023B80A /* NSString+Validator.m */; };
		EEDF1BDE1C9A15D20023B80A /* MailTableViewCell.m in Sources */ = {isa = PBXBuildFile; fileRef = EEDF1BDC1C9A15D20023B80A /* MailTableViewCell.m */; };
		EEDF1BE31C9A462A0023B80A /* ReallySimpleProgress.m in Sources */ = {isa = PBXBuildFile; fileRef = EEDF1BE21C9A462A0023B80A /* ReallySimpleProgress.m */; };
/* End PBXBuildFile section */

/* Begin PBXContainerItemProxy section */
		EEDF1B6D1C9762350023B80A /* PBXContainerItemProxy */ = {
			isa = PBXContainerItemProxy;
			containerPortal = EEDF1B4B1C9762350023B80A /* Project object */;
			proxyType = 1;
			remoteGlobalIDString = EEDF1B521C9762350023B80A;
			remoteInfo = ivprototype;
		};
/* End PBXContainerItemProxy section */

/* Begin PBXFileReference section */
		1366449BFABF6F5048FDF3DF /* Pods-ivprototypeTests.debug.xcconfig */ = {isa = PBXFileReference; includeInIndex = 1; lastKnownFileType = text.xcconfig; name = "Pods-ivprototypeTests.debug.xcconfig"; path = "Pods/Target Support Files/Pods-ivprototypeTests/Pods-ivprototypeTests.debug.xcconfig"; sourceTree = "<group>"; };
		22D72413E7FEA42574A92867 /* Pods-ivprototypeTests.release.xcconfig */ = {isa = PBXFileReference; includeInIndex = 1; lastKnownFileType = text.xcconfig; name = "Pods-ivprototypeTests.release.xcconfig"; path = "Pods/Target Support Files/Pods-ivprototypeTests/Pods-ivprototypeTests.release.xcconfig"; sourceTree = "<group>"; };
		5BEA303FF3619A9A79E2458C /* libPods-ivprototype.a */ = {isa = PBXFileReference; explicitFileType = archive.ar; includeInIndex = 0; path = "libPods-ivprototype.a"; sourceTree = BUILT_PRODUCTS_DIR; };
		5D60797FF3DA9BEFE7093DFD /* Pods-ivprototype.release.xcconfig */ = {isa = PBXFileReference; includeInIndex = 1; lastKnownFileType = text.xcconfig; name = "Pods-ivprototype.release.xcconfig"; path = "Pods/Target Support Files/Pods-ivprototype/Pods-ivprototype.release.xcconfig"; sourceTree = "<group>"; };
		A4019E3ECE4BF9365987356C /* libPods-ivprototypeTests.a */ = {isa = PBXFileReference; explicitFileType = archive.ar; includeInIndex = 0; path = "libPods-ivprototypeTests.a"; sourceTree = BUILT_PRODUCTS_DIR; };
		A6D8744CB00EB8681ED505EC /* Pods-ivprototype.debug.xcconfig */ = {isa = PBXFileReference; includeInIndex = 1; lastKnownFileType = text.xcconfig; name = "Pods-ivprototype.debug.xcconfig"; path = "Pods/Target Support Files/Pods-ivprototype/Pods-ivprototype.debug.xcconfig"; sourceTree = "<group>"; };
		EEDF1B531C9762350023B80A /* ivprototype.app */ = {isa = PBXFileReference; explicitFileType = wrapper.application; includeInIndex = 0; path = ivprototype.app; sourceTree = BUILT_PRODUCTS_DIR; };
		EEDF1B571C9762350023B80A /* main.m */ = {isa = PBXFileReference; lastKnownFileType = sourcecode.c.objc; path = main.m; sourceTree = "<group>"; };
		EEDF1B591C9762350023B80A /* AppDelegate.h */ = {isa = PBXFileReference; lastKnownFileType = sourcecode.c.h; path = AppDelegate.h; sourceTree = "<group>"; };
		EEDF1B5A1C9762350023B80A /* AppDelegate.m */ = {isa = PBXFileReference; lastKnownFileType = sourcecode.c.objc; path = AppDelegate.m; sourceTree = "<group>"; };
		EEDF1B621C9762350023B80A /* Assets.xcassets */ = {isa = PBXFileReference; lastKnownFileType = folder.assetcatalog; path = Assets.xcassets; sourceTree = "<group>"; };
		EEDF1B671C9762350023B80A /* Info.plist */ = {isa = PBXFileReference; lastKnownFileType = text.plist.xml; path = Info.plist; sourceTree = "<group>"; };
		EEDF1B6C1C9762350023B80A /* ivprototypeTests.xctest */ = {isa = PBXFileReference; explicitFileType = wrapper.cfbundle; includeInIndex = 0; path = ivprototypeTests.xctest; sourceTree = BUILT_PRODUCTS_DIR; };
		EEDF1B701C9762350023B80A /* ivprototypeTests.m */ = {isa = PBXFileReference; lastKnownFileType = sourcecode.c.objc; path = ivprototypeTests.m; sourceTree = "<group>"; };
		EEDF1B721C9762350023B80A /* Info.plist */ = {isa = PBXFileReference; lastKnownFileType = text.plist.xml; path = Info.plist; sourceTree = "<group>"; };
		EEDF1B8F1C9780B60023B80A /* FlowManager.h */ = {isa = PBXFileReference; fileEncoding = 4; lastKnownFileType = sourcecode.c.h; path = FlowManager.h; sourceTree = "<group>"; };
		EEDF1B901C9780B60023B80A /* FlowManager.m */ = {isa = PBXFileReference; fileEncoding = 4; lastKnownFileType = sourcecode.c.objc; path = FlowManager.m; sourceTree = "<group>"; };
		EEDF1B941C9782490023B80A /* LaunchScreen.storyboard */ = {isa = PBXFileReference; fileEncoding = 4; lastKnownFileType = file.storyboard; path = LaunchScreen.storyboard; sourceTree = "<group>"; };
		EEDF1B951C9782490023B80A /* Login.storyboard */ = {isa = PBXFileReference; fileEncoding = 4; lastKnownFileType = file.storyboard; path = Login.storyboard; sourceTree = "<group>"; };
		EEDF1B961C9782490023B80A /* Main.storyboard */ = {isa = PBXFileReference; fileEncoding = 4; lastKnownFileType = file.storyboard; path = Main.storyboard; sourceTree = "<group>"; };
		EEDF1B9A1C9785E20023B80A /* LoginViewController.h */ = {isa = PBXFileReference; fileEncoding = 4; lastKnownFileType = sourcecode.c.h; path = LoginViewController.h; sourceTree = "<group>"; };
		EEDF1B9B1C9785E20023B80A /* LoginViewController.m */ = {isa = PBXFileReference; fileEncoding = 4; lastKnownFileType = sourcecode.c.objc; path = LoginViewController.m; sourceTree = "<group>"; };
		EEDF1B9D1C9787D30023B80A /* InboxViewController.h */ = {isa = PBXFileReference; fileEncoding = 4; lastKnownFileType = sourcecode.c.h; path = InboxViewController.h; sourceTree = "<group>"; };
		EEDF1B9E1C9787D30023B80A /* InboxViewController.m */ = {isa = PBXFileReference; fileEncoding = 4; lastKnownFileType = sourcecode.c.objc; path = InboxViewController.m; sourceTree = "<group>"; };
		EEDF1BA01C97A2D90023B80A /* Email.h */ = {isa = PBXFileReference; fileEncoding = 4; lastKnownFileType = sourcecode.c.h; path = Email.h; sourceTree = "<group>"; };
		EEDF1BA11C97A2D90023B80A /* Email.m */ = {isa = PBXFileReference; fileEncoding = 4; lastKnownFileType = sourcecode.c.objc; path = Email.m; sourceTree = "<group>"; };
		EEDF1BA31C97A2FB0023B80A /* EmailService.h */ = {isa = PBXFileReference; fileEncoding = 4; lastKnownFileType = sourcecode.c.h; path = EmailService.h; sourceTree = "<group>"; };
		EEDF1BA41C97A2FB0023B80A /* EmailService.m */ = {isa = PBXFileReference; fileEncoding = 4; lastKnownFileType = sourcecode.c.objc; path = EmailService.m; sourceTree = "<group>"; };
		EEDF1BA91C97AC200023B80A /* RemoteService.h */ = {isa = PBXFileReference; fileEncoding = 4; lastKnownFileType = sourcecode.c.h; path = RemoteService.h; sourceTree = "<group>"; };
		EEDF1BAA1C97AC200023B80A /* RemoteService.m */ = {isa = PBXFileReference; fileEncoding = 4; lastKnownFileType = sourcecode.c.objc; path = RemoteService.m; sourceTree = "<group>"; };
		EEDF1BAC1C97AC300023B80A /* RemoteResource.h */ = {isa = PBXFileReference; fileEncoding = 4; lastKnownFileType = sourcecode.c.h; path = RemoteResource.h; sourceTree = "<group>"; };
		EEDF1BAD1C97AC300023B80A /* RemoteResource.m */ = {isa = PBXFileReference; fileEncoding = 4; lastKnownFileType = sourcecode.c.objc; path = RemoteResource.m; sourceTree = "<group>"; };
		EEDF1BAF1C97B6AE0023B80A /* EmailFlowManager.h */ = {isa = PBXFileReference; fileEncoding = 4; lastKnownFileType = sourcecode.c.h; path = EmailFlowManager.h; sourceTree = "<group>"; };
		EEDF1BB01C97B6AE0023B80A /* EmailFlowManager.m */ = {isa = PBXFileReference; fileEncoding = 4; lastKnownFileType = sourcecode.c.objc; path = EmailFlowManager.m; sourceTree = "<group>"; };
		EEDF1BBD1C98758F0023B80A /* Inbox.h */ = {isa = PBXFileReference; fileEncoding = 4; lastKnownFileType = sourcecode.c.h; path = Inbox.h; sourceTree = "<group>"; };
		EEDF1BBE1C98758F0023B80A /* Inbox.m */ = {isa = PBXFileReference; fileEncoding = 4; lastKnownFileType = sourcecode.c.objc; path = Inbox.m; sourceTree = "<group>"; };
		EEDF1BC01C989CCA0023B80A /* InboxTableViewCell.h */ = {isa = PBXFileReference; fileEncoding = 4; lastKnownFileType = sourcecode.c.h; path = InboxTableViewCell.h; sourceTree = "<group>"; };
		EEDF1BC11C989CCA0023B80A /* InboxTableViewCell.m */ = {isa = PBXFileReference; fileEncoding = 4; lastKnownFileType = sourcecode.c.objc; path = InboxTableViewCell.m; sourceTree = "<group>"; };
		EEDF1BC51C98FBB00023B80A /* DetailViewController.h */ = {isa = PBXFileReference; fileEncoding = 4; lastKnownFileType = sourcecode.c.h; path = DetailViewController.h; sourceTree = "<group>"; };
		EEDF1BC61C98FBB00023B80A /* DetailViewController.m */ = {isa = PBXFileReference; fileEncoding = 4; lastKnownFileType = sourcecode.c.objc; path = DetailViewController.m; sourceTree = "<group>"; };
		EEDF1BCF1C99E6370023B80A /* MenuViewController.h */ = {isa = PBXFileReference; fileEncoding = 4; lastKnownFileType = sourcecode.c.h; path = MenuViewController.h; sourceTree = "<group>"; };
		EEDF1BD01C99E6370023B80A /* MenuViewController.m */ = {isa = PBXFileReference; fileEncoding = 4; lastKnownFileType = sourcecode.c.objc; path = MenuViewController.m; sourceTree = "<group>"; };
		EEDF1BD31C9A049D0023B80A /* DrawerViewController.h */ = {isa = PBXFileReference; fileEncoding = 4; lastKnownFileType = sourcecode.c.h; path = DrawerViewController.h; sourceTree = "<group>"; };
		EEDF1BD41C9A049D0023B80A /* DrawerViewController.m */ = {isa = PBXFileReference; fileEncoding = 4; lastKnownFileType = sourcecode.c.objc; path = DrawerViewController.m; sourceTree = "<group>"; };
		EEDF1BD81C9A05280023B80A /* NSString+Validator.h */ = {isa = PBXFileReference; fileEncoding = 4; lastKnownFileType = sourcecode.c.h; path = "NSString+Validator.h"; sourceTree = "<group>"; };
		EEDF1BD91C9A05280023B80A /* NSString+Validator.m */ = {isa = PBXFileReference; fileEncoding = 4; lastKnownFileType = sourcecode.c.objc; path = "NSString+Validator.m"; sourceTree = "<group>"; };
		EEDF1BDB1C9A15D20023B80A /* MailTableViewCell.h */ = {isa = PBXFileReference; fileEncoding = 4; lastKnownFileType = sourcecode.c.h; path = MailTableViewCell.h; sourceTree = "<group>"; };
		EEDF1BDC1C9A15D20023B80A /* MailTableViewCell.m */ = {isa = PBXFileReference; fileEncoding = 4; lastKnownFileType = sourcecode.c.objc; path = MailTableViewCell.m; sourceTree = "<group>"; };
		EEDF1BE11C9A462A0023B80A /* ReallySimpleProgress.h */ = {isa = PBXFileReference; fileEncoding = 4; lastKnownFileType = sourcecode.c.h; path = ReallySimpleProgress.h; sourceTree = "<group>"; };
		EEDF1BE21C9A462A0023B80A /* ReallySimpleProgress.m */ = {isa = PBXFileReference; fileEncoding = 4; lastKnownFileType = sourcecode.c.objc; path = ReallySimpleProgress.m; sourceTree = "<group>"; };
/* End PBXFileReference section */

/* Begin PBXFrameworksBuildPhase section */
		EEDF1B501C9762350023B80A /* Frameworks */ = {
			isa = PBXFrameworksBuildPhase;
			buildActionMask = 2147483647;
			files = (
				6D1E17F1FD2B1134C7937299 /* libPods-ivprototype.a in Frameworks */,
			);
			runOnlyForDeploymentPostprocessing = 0;
		};
		EEDF1B691C9762350023B80A /* Frameworks */ = {
			isa = PBXFrameworksBuildPhase;
			buildActionMask = 2147483647;
			files = (
				668E51E2C2FB482C0386E737 /* libPods-ivprototypeTests.a in Frameworks */,
			);
			runOnlyForDeploymentPostprocessing = 0;
		};
/* End PBXFrameworksBuildPhase section */

/* Begin PBXGroup section */
		8BA7822555DF4D2BCF1C8C3C /* Pods */ = {
			isa = PBXGroup;
			children = (
				A6D8744CB00EB8681ED505EC /* Pods-ivprototype.debug.xcconfig */,
				5D60797FF3DA9BEFE7093DFD /* Pods-ivprototype.release.xcconfig */,
				1366449BFABF6F5048FDF3DF /* Pods-ivprototypeTests.debug.xcconfig */,
				22D72413E7FEA42574A92867 /* Pods-ivprototypeTests.release.xcconfig */,
			);
			name = Pods;
			sourceTree = "<group>";
		};
		BE88B617CEE259929971BCA0 /* Frameworks */ = {
			isa = PBXGroup;
			children = (
				5BEA303FF3619A9A79E2458C /* libPods-ivprototype.a */,
				A4019E3ECE4BF9365987356C /* libPods-ivprototypeTests.a */,
			);
			name = Frameworks;
			sourceTree = "<group>";
		};
		EEDF1B4A1C9762350023B80A = {
			isa = PBXGroup;
			children = (
				EEDF1B551C9762350023B80A /* ivprototype */,
				EEDF1B6F1C9762350023B80A /* ivprototypeTests */,
				EEDF1B541C9762350023B80A /* Products */,
				8BA7822555DF4D2BCF1C8C3C /* Pods */,
				BE88B617CEE259929971BCA0 /* Frameworks */,
			);
			sourceTree = "<group>";
		};
		EEDF1B541C9762350023B80A /* Products */ = {
			isa = PBXGroup;
			children = (
				EEDF1B531C9762350023B80A /* ivprototype.app */,
				EEDF1B6C1C9762350023B80A /* ivprototypeTests.xctest */,
			);
			name = Products;
			sourceTree = "<group>";
		};
		EEDF1B551C9762350023B80A /* ivprototype */ = {
			isa = PBXGroup;
			children = (
				EEDF1B591C9762350023B80A /* AppDelegate.h */,
				EEDF1B5A1C9762350023B80A /* AppDelegate.m */,
				EEDF1BD61C9A04DC0023B80A /* Additions */,
				EEDF1BD21C9A046F0023B80A /* UICommon */,
				EEDF1B8C1C977FF20023B80A /* API */,
				EEDF1B8D1C977FF20023B80A /* Managers */,
				EEDF1B8E1C977FF20023B80A /* Model */,
				EEDF1B7B1C9763D10023B80A /* Storyboards */,
				EEDF1B841C97662F0023B80A /* Views */,
				EEDF1B561C9762350023B80A /* Supporting Files */,
			);
			path = ivprototype;
			sourceTree = "<group>";
		};
		EEDF1B561C9762350023B80A /* Supporting Files */ = {
			isa = PBXGroup;
			children = (
				EEDF1B621C9762350023B80A /* Assets.xcassets */,
				EEDF1B671C9762350023B80A /* Info.plist */,
				EEDF1B571C9762350023B80A /* main.m */,
			);
			name = "Supporting Files";
			sourceTree = "<group>";
		};
		EEDF1B6F1C9762350023B80A /* ivprototypeTests */ = {
			isa = PBXGroup;
			children = (
				EEDF1B701C9762350023B80A /* ivprototypeTests.m */,
				EEDF1B721C9762350023B80A /* Info.plist */,
			);
			path = ivprototypeTests;
			sourceTree = "<group>";
		};
		EEDF1B7B1C9763D10023B80A /* Storyboards */ = {
			isa = PBXGroup;
			children = (
				EEDF1B941C9782490023B80A /* LaunchScreen.storyboard */,
				EEDF1B961C9782490023B80A /* Main.storyboard */,
				EEDF1B951C9782490023B80A /* Login.storyboard */,
			);
			path = Storyboards;
			sourceTree = "<group>";
		};
		EEDF1B841C97662F0023B80A /* Views */ = {
			isa = PBXGroup;
			children = (
				EEDF1BF31C9B95D10023B80A /* Menu */,
				EEDF1BF01C9B95A30023B80A /* Login */,
				EEDF1BF21C9B95BB0023B80A /* Inbox */,
				EEDF1BF11C9B95AB0023B80A /* Detail */,
			);
			path = Views;
			sourceTree = "<group>";
		};
		EEDF1B8C1C977FF20023B80A /* API */ = {
			isa = PBXGroup;
			children = (
				EEDF1BA91C97AC200023B80A /* RemoteService.h */,
				EEDF1BAA1C97AC200023B80A /* RemoteService.m */,
				EEDF1BAC1C97AC300023B80A /* RemoteResource.h */,
				EEDF1BAD1C97AC300023B80A /* RemoteResource.m */,
				EEDF1BA31C97A2FB0023B80A /* EmailService.h */,
				EEDF1BA41C97A2FB0023B80A /* EmailService.m */,
			);
			path = API;
			sourceTree = "<group>";
		};
		EEDF1B8D1C977FF20023B80A /* Managers */ = {
			isa = PBXGroup;
			children = (
				EEDF1B8F1C9780B60023B80A /* FlowManager.h */,
				EEDF1B901C9780B60023B80A /* FlowManager.m */,
				EEDF1BAF1C97B6AE0023B80A /* EmailFlowManager.h */,
				EEDF1BB01C97B6AE0023B80A /* EmailFlowManager.m */,
			);
			path = Managers;
			sourceTree = "<group>";
		};
		EEDF1B8E1C977FF20023B80A /* Model */ = {
			isa = PBXGroup;
			children = (
				EEDF1BA01C97A2D90023B80A /* Email.h */,
				EEDF1BA11C97A2D90023B80A /* Email.m */,
				EEDF1BBD1C98758F0023B80A /* Inbox.h */,
				EEDF1BBE1C98758F0023B80A /* Inbox.m */,
			);
			path = Model;
			sourceTree = "<group>";
		};
		EEDF1BD21C9A046F0023B80A /* UICommon */ = {
			isa = PBXGroup;
			children = (
				EEDF1BD31C9A049D0023B80A /* DrawerViewController.h */,
				EEDF1BD41C9A049D0023B80A /* DrawerViewController.m */,
				EEDF1BE11C9A462A0023B80A /* ReallySimpleProgress.h */,
				EEDF1BE21C9A462A0023B80A /* ReallySimpleProgress.m */,
			);
			path = UICommon;
			sourceTree = "<group>";
		};
		EEDF1BD61C9A04DC0023B80A /* Additions */ = {
			isa = PBXGroup;
			children = (
				EEDF1BD81C9A05280023B80A /* NSString+Validator.h */,
				EEDF1BD91C9A05280023B80A /* NSString+Validator.m */,
			);
			path = Additions;
			sourceTree = "<group>";
		};
		EEDF1BF01C9B95A30023B80A /* Login */ = {
			isa = PBXGroup;
			children = (
				EEDF1B9A1C9785E20023B80A /* LoginViewController.h */,
				EEDF1B9B1C9785E20023B80A /* LoginViewController.m */,
			);
			name = Login;
			sourceTree = "<group>";
		};
		EEDF1BF11C9B95AB0023B80A /* Detail */ = {
			isa = PBXGroup;
			children = (
				EEDF1BC51C98FBB00023B80A /* DetailViewController.h */,
				EEDF1BC61C98FBB00023B80A /* DetailViewController.m */,
				EEDF1BDB1C9A15D20023B80A /* MailTableViewCell.h */,
				EEDF1BDC1C9A15D20023B80A /* MailTableViewCell.m */,
			);
			name = Detail;
			sourceTree = "<group>";
		};
		EEDF1BF21C9B95BB0023B80A /* Inbox */ = {
			isa = PBXGroup;
			children = (
				EEDF1B9D1C9787D30023B80A /* InboxViewController.h */,
				EEDF1B9E1C9787D30023B80A /* InboxViewController.m */,
				EEDF1BC01C989CCA0023B80A /* InboxTableViewCell.h */,
				EEDF1BC11C989CCA0023B80A /* InboxTableViewCell.m */,
			);
			name = Inbox;
			sourceTree = "<group>";
		};
		EEDF1BF31C9B95D10023B80A /* Menu */ = {
			isa = PBXGroup;
			children = (
				EEDF1BCF1C99E6370023B80A /* MenuViewController.h */,
				EEDF1BD01C99E6370023B80A /* MenuViewController.m */,
			);
			name = Menu;
			sourceTree = "<group>";
		};
/* End PBXGroup section */

/* Begin PBXNativeTarget section */
		EEDF1B521C9762350023B80A /* ivprototype */ = {
			isa = PBXNativeTarget;
			buildConfigurationList = EEDF1B751C9762350023B80A /* Build configuration list for PBXNativeTarget "ivprototype" */;
			buildPhases = (
				0A2138D0AFAFE407DCB409C8 /* Check Pods Manifest.lock */,
				EEDF1B4F1C9762350023B80A /* Sources */,
				EEDF1B501C9762350023B80A /* Frameworks */,
				EEDF1B511C9762350023B80A /* Resources */,
				319FEFD0B531443A05F8C0B2 /* Embed Pods Frameworks */,
				E01E050451072381FA139A4C /* Copy Pods Resources */,
			);
			buildRules = (
			);
			dependencies = (
			);
			name = ivprototype;
			productName = ivprototype;
			productReference = EEDF1B531C9762350023B80A /* ivprototype.app */;
			productType = "com.apple.product-type.application";
		};
		EEDF1B6B1C9762350023B80A /* ivprototypeTests */ = {
			isa = PBXNativeTarget;
			buildConfigurationList = EEDF1B781C9762350023B80A /* Build configuration list for PBXNativeTarget "ivprototypeTests" */;
			buildPhases = (
				8E2034A2DC645E16663216BD /* Check Pods Manifest.lock */,
				EEDF1B681C9762350023B80A /* Sources */,
				EEDF1B691C9762350023B80A /* Frameworks */,
				EEDF1B6A1C9762350023B80A /* Resources */,
				1FE2428FBCE9474AEFDCE1CC /* Embed Pods Frameworks */,
				943230C946E34A05B20807A2 /* Copy Pods Resources */,
			);
			buildRules = (
			);
			dependencies = (
				EEDF1B6E1C9762350023B80A /* PBXTargetDependency */,
			);
			name = ivprototypeTests;
			productName = ivprototypeTests;
			productReference = EEDF1B6C1C9762350023B80A /* ivprototypeTests.xctest */;
			productType = "com.apple.product-type.bundle.unit-test";
		};
/* End PBXNativeTarget section */

/* Begin PBXProject section */
		EEDF1B4B1C9762350023B80A /* Project object */ = {
			isa = PBXProject;
			attributes = {
				LastUpgradeCheck = 0720;
				ORGANIZATIONNAME = "Juan Cruz Ghigliani";
				TargetAttributes = {
					EEDF1B521C9762350023B80A = {
						CreatedOnToolsVersion = 7.2.1;
					};
					EEDF1B6B1C9762350023B80A = {
						CreatedOnToolsVersion = 7.2.1;
						TestTargetID = EEDF1B521C9762350023B80A;
					};
				};
			};
			buildConfigurationList = EEDF1B4E1C9762350023B80A /* Build configuration list for PBXProject "ivprototype" */;
			compatibilityVersion = "Xcode 3.2";
			developmentRegion = English;
			hasScannedForEncodings = 0;
			knownRegions = (
				en,
				Base,
			);
			mainGroup = EEDF1B4A1C9762350023B80A;
			productRefGroup = EEDF1B541C9762350023B80A /* Products */;
			projectDirPath = "";
			projectRoot = "";
			targets = (
				EEDF1B521C9762350023B80A /* ivprototype */,
				EEDF1B6B1C9762350023B80A /* ivprototypeTests */,
			);
		};
/* End PBXProject section */

/* Begin PBXResourcesBuildPhase section */
		EEDF1B511C9762350023B80A /* Resources */ = {
			isa = PBXResourcesBuildPhase;
			buildActionMask = 2147483647;
			files = (
				EEDF1B991C9782490023B80A /* Main.storyboard in Resources */,
				EEDF1B981C9782490023B80A /* Login.storyboard in Resources */,
				EEDF1B971C9782490023B80A /* LaunchScreen.storyboard in Resources */,
				EEDF1B631C9762350023B80A /* Assets.xcassets in Resources */,
			);
			runOnlyForDeploymentPostprocessing = 0;
		};
		EEDF1B6A1C9762350023B80A /* Resources */ = {
			isa = PBXResourcesBuildPhase;
			buildActionMask = 2147483647;
			files = (
			);
			runOnlyForDeploymentPostprocessing = 0;
		};
/* End PBXResourcesBuildPhase section */

/* Begin PBXShellScriptBuildPhase section */
		0A2138D0AFAFE407DCB409C8 /* Check Pods Manifest.lock */ = {
			isa = PBXShellScriptBuildPhase;
			buildActionMask = 2147483647;
			files = (
			);
			inputPaths = (
			);
			name = "Check Pods Manifest.lock";
			outputPaths = (
			);
			runOnlyForDeploymentPostprocessing = 0;
			shellPath = /bin/sh;
			shellScript = "diff \"${PODS_ROOT}/../Podfile.lock\" \"${PODS_ROOT}/Manifest.lock\" > /dev/null\nif [[ $? != 0 ]] ; then\n    cat << EOM\nerror: The sandbox is not in sync with the Podfile.lock. Run 'pod install' or update your CocoaPods installation.\nEOM\n    exit 1\nfi\n";
			showEnvVarsInLog = 0;
		};
		1FE2428FBCE9474AEFDCE1CC /* Embed Pods Frameworks */ = {
			isa = PBXShellScriptBuildPhase;
			buildActionMask = 2147483647;
			files = (
			);
			inputPaths = (
			);
			name = "Embed Pods Frameworks";
			outputPaths = (
			);
			runOnlyForDeploymentPostprocessing = 0;
			shellPath = /bin/sh;
			shellScript = "\"${SRCROOT}/Pods/Target Support Files/Pods-ivprototypeTests/Pods-ivprototypeTests-frameworks.sh\"\n";
			showEnvVarsInLog = 0;
		};
		319FEFD0B531443A05F8C0B2 /* Embed Pods Frameworks */ = {
			isa = PBXShellScriptBuildPhase;
			buildActionMask = 2147483647;
			files = (
			);
			inputPaths = (
			);
			name = "Embed Pods Frameworks";
			outputPaths = (
			);
			runOnlyForDeploymentPostprocessing = 0;
			shellPath = /bin/sh;
			shellScript = "\"${SRCROOT}/Pods/Target Support Files/Pods-ivprototype/Pods-ivprototype-frameworks.sh\"\n";
			showEnvVarsInLog = 0;
		};
		8E2034A2DC645E16663216BD /* Check Pods Manifest.lock */ = {
			isa = PBXShellScriptBuildPhase;
			buildActionMask = 2147483647;
			files = (
			);
			inputPaths = (
			);
			name = "Check Pods Manifest.lock";
			outputPaths = (
			);
			runOnlyForDeploymentPostprocessing = 0;
			shellPath = /bin/sh;
			shellScript = "diff \"${PODS_ROOT}/../Podfile.lock\" \"${PODS_ROOT}/Manifest.lock\" > /dev/null\nif [[ $? != 0 ]] ; then\n    cat << EOM\nerror: The sandbox is not in sync with the Podfile.lock. Run 'pod install' or update your CocoaPods installation.\nEOM\n    exit 1\nfi\n";
			showEnvVarsInLog = 0;
		};
		943230C946E34A05B20807A2 /* Copy Pods Resources */ = {
			isa = PBXShellScriptBuildPhase;
			buildActionMask = 2147483647;
			files = (
			);
			inputPaths = (
			);
			name = "Copy Pods Resources";
			outputPaths = (
			);
			runOnlyForDeploymentPostprocessing = 0;
			shellPath = /bin/sh;
			shellScript = "\"${SRCROOT}/Pods/Target Support Files/Pods-ivprototypeTests/Pods-ivprototypeTests-resources.sh\"\n";
			showEnvVarsInLog = 0;
		};
		E01E050451072381FA139A4C /* Copy Pods Resources */ = {
			isa = PBXShellScriptBuildPhase;
			buildActionMask = 2147483647;
			files = (
			);
			inputPaths = (
			);
			name = "Copy Pods Resources";
			outputPaths = (
			);
			runOnlyForDeploymentPostprocessing = 0;
			shellPath = /bin/sh;
			shellScript = "\"${SRCROOT}/Pods/Target Support Files/Pods-ivprototype/Pods-ivprototype-resources.sh\"\n";
			showEnvVarsInLog = 0;
		};
/* End PBXShellScriptBuildPhase section */

/* Begin PBXSourcesBuildPhase section */
		EEDF1B4F1C9762350023B80A /* Sources */ = {
			isa = PBXSourcesBuildPhase;
			buildActionMask = 2147483647;
			files = (
				EEDF1BA21C97A2D90023B80A /* Email.m in Sources */,
				EEDF1BB11C97B6AE0023B80A /* EmailFlowManager.m in Sources */,
				EEDF1BC31C989CCA0023B80A /* InboxTableViewCell.m in Sources */,
				EEDF1B5B1C9762350023B80A /* AppDelegate.m in Sources */,
				EEDF1BD11C99E6370023B80A /* MenuViewController.m in Sources */,
				EEDF1BDE1C9A15D20023B80A /* MailTableViewCell.m in Sources */,
				EEDF1BD51C9A049D0023B80A /* DrawerViewController.m in Sources */,
				EEDF1B581C9762350023B80A /* main.m in Sources */,
				EEDF1BAB1C97AC200023B80A /* RemoteService.m in Sources */,
				EEDF1BE31C9A462A0023B80A /* ReallySimpleProgress.m in Sources */,
				EEDF1BDA1C9A05280023B80A /* NSString+Validator.m in Sources */,
				EEDF1BBF1C98758F0023B80A /* Inbox.m in Sources */,
				EEDF1B9F1C9787D30023B80A /* InboxViewController.m in Sources */,
				EEDF1B911C9780B60023B80A /* FlowManager.m in Sources */,
				EEDF1BC71C98FBB00023B80A /* DetailViewController.m in Sources */,
				EEDF1B9C1C9785E20023B80A /* LoginViewController.m in Sources */,
				EEDF1BA51C97A2FB0023B80A /* EmailService.m in Sources */,
				EEDF1BAE1C97AC300023B80A /* RemoteResource.m in Sources */,
			);
			runOnlyForDeploymentPostprocessing = 0;
		};
		EEDF1B681C9762350023B80A /* Sources */ = {
			isa = PBXSourcesBuildPhase;
			buildActionMask = 2147483647;
			files = (
				EEDF1B711C9762350023B80A /* ivprototypeTests.m in Sources */,
			);
			runOnlyForDeploymentPostprocessing = 0;
		};
/* End PBXSourcesBuildPhase section */

/* Begin PBXTargetDependency section */
		EEDF1B6E1C9762350023B80A /* PBXTargetDependency */ = {
			isa = PBXTargetDependency;
			target = EEDF1B521C9762350023B80A /* ivprototype */;
			targetProxy = EEDF1B6D1C9762350023B80A /* PBXContainerItemProxy */;
		};
/* End PBXTargetDependency section */

/* Begin XCBuildConfiguration section */
		EEDF1B731C9762350023B80A /* Debug */ = {
			isa = XCBuildConfiguration;
			buildSettings = {
				ALWAYS_SEARCH_USER_PATHS = NO;
				CLANG_CXX_LANGUAGE_STANDARD = "gnu++0x";
				CLANG_CXX_LIBRARY = "libc++";
				CLANG_ENABLE_MODULES = YES;
				CLANG_ENABLE_OBJC_ARC = YES;
				CLANG_WARN_BOOL_CONVERSION = YES;
				CLANG_WARN_CONSTANT_CONVERSION = YES;
				CLANG_WARN_DIRECT_OBJC_ISA_USAGE = YES_ERROR;
				CLANG_WARN_EMPTY_BODY = YES;
				CLANG_WARN_ENUM_CONVERSION = YES;
				CLANG_WARN_INT_CONVERSION = YES;
				CLANG_WARN_OBJC_ROOT_CLASS = YES_ERROR;
				CLANG_WARN_UNREACHABLE_CODE = YES;
				CLANG_WARN__DUPLICATE_METHOD_MATCH = YES;
				"CODE_SIGN_IDENTITY[sdk=iphoneos*]" = "iPhone Developer";
				COPY_PHASE_STRIP = NO;
				DEBUG_INFORMATION_FORMAT = dwarf;
				ENABLE_STRICT_OBJC_MSGSEND = YES;
				ENABLE_TESTABILITY = YES;
				GCC_C_LANGUAGE_STANDARD = gnu99;
				GCC_DYNAMIC_NO_PIC = NO;
				GCC_NO_COMMON_BLOCKS = YES;
				GCC_OPTIMIZATION_LEVEL = 0;
				GCC_PREPROCESSOR_DEFINITIONS = (
					"DEBUG=1",
					"$(inherited)",
				);
				GCC_WARN_64_TO_32_BIT_CONVERSION = YES;
				GCC_WARN_ABOUT_RETURN_TYPE = YES_ERROR;
				GCC_WARN_UNDECLARED_SELECTOR = YES;
				GCC_WARN_UNINITIALIZED_AUTOS = YES_AGGRESSIVE;
				GCC_WARN_UNUSED_FUNCTION = YES;
				GCC_WARN_UNUSED_VARIABLE = YES;
				IPHONEOS_DEPLOYMENT_TARGET = 9.2;
				MTL_ENABLE_DEBUG_INFO = YES;
				ONLY_ACTIVE_ARCH = YES;
				SDKROOT = iphoneos;
				TARGETED_DEVICE_FAMILY = "1,2";
			};
			name = Debug;
		};
		EEDF1B741C9762350023B80A /* Release */ = {
			isa = XCBuildConfiguration;
			buildSettings = {
				ALWAYS_SEARCH_USER_PATHS = NO;
				CLANG_CXX_LANGUAGE_STANDARD = "gnu++0x";
				CLANG_CXX_LIBRARY = "libc++";
				CLANG_ENABLE_MODULES = YES;
				CLANG_ENABLE_OBJC_ARC = YES;
				CLANG_WARN_BOOL_CONVERSION = YES;
				CLANG_WARN_CONSTANT_CONVERSION = YES;
				CLANG_WARN_DIRECT_OBJC_ISA_USAGE = YES_ERROR;
				CLANG_WARN_EMPTY_BODY = YES;
				CLANG_WARN_ENUM_CONVERSION = YES;
				CLANG_WARN_INT_CONVERSION = YES;
				CLANG_WARN_OBJC_ROOT_CLASS = YES_ERROR;
				CLANG_WARN_UNREACHABLE_CODE = YES;
				CLANG_WARN__DUPLICATE_METHOD_MATCH = YES;
				"CODE_SIGN_IDENTITY[sdk=iphoneos*]" = "iPhone Developer";
				COPY_PHASE_STRIP = NO;
				DEBUG_INFORMATION_FORMAT = "dwarf-with-dsym";
				ENABLE_NS_ASSERTIONS = NO;
				ENABLE_STRICT_OBJC_MSGSEND = YES;
				GCC_C_LANGUAGE_STANDARD = gnu99;
				GCC_NO_COMMON_BLOCKS = YES;
				GCC_WARN_64_TO_32_BIT_CONVERSION = YES;
				GCC_WARN_ABOUT_RETURN_TYPE = YES_ERROR;
				GCC_WARN_UNDECLARED_SELECTOR = YES;
				GCC_WARN_UNINITIALIZED_AUTOS = YES_AGGRESSIVE;
				GCC_WARN_UNUSED_FUNCTION = YES;
				GCC_WARN_UNUSED_VARIABLE = YES;
				IPHONEOS_DEPLOYMENT_TARGET = 9.2;
				MTL_ENABLE_DEBUG_INFO = NO;
				SDKROOT = iphoneos;
				TARGETED_DEVICE_FAMILY = "1,2";
				VALIDATE_PRODUCT = YES;
			};
			name = Release;
		};
		EEDF1B761C9762350023B80A /* Debug */ = {
			isa = XCBuildConfiguration;
			baseConfigurationReference = A6D8744CB00EB8681ED505EC /* Pods-ivprototype.debug.xcconfig */;
			buildSettings = {
				ASSETCATALOG_COMPILER_APPICON_NAME = AppIcon;
				INFOPLIST_FILE = ivprototype/Info.plist;
				LD_RUNPATH_SEARCH_PATHS = "$(inherited) @executable_path/Frameworks";
				PRODUCT_BUNDLE_IDENTIFIER = ar.com.juancruzmdq.ivprototype;
				PRODUCT_NAME = "$(TARGET_NAME)";
			};
			name = Debug;
		};
		EEDF1B771C9762350023B80A /* Release */ = {
			isa = XCBuildConfiguration;
			baseConfigurationReference = 5D60797FF3DA9BEFE7093DFD /* Pods-ivprototype.release.xcconfig */;
			buildSettings = {
				ASSETCATALOG_COMPILER_APPICON_NAME = AppIcon;
				INFOPLIST_FILE = ivprototype/Info.plist;
				LD_RUNPATH_SEARCH_PATHS = "$(inherited) @executable_path/Frameworks";
				PRODUCT_BUNDLE_IDENTIFIER = ar.com.juancruzmdq.ivprototype;
				PRODUCT_NAME = "$(TARGET_NAME)";
			};
			name = Release;
		};
		EEDF1B791C9762350023B80A /* Debug */ = {
			isa = XCBuildConfiguration;
			baseConfigurationReference = 1366449BFABF6F5048FDF3DF /* Pods-ivprototypeTests.debug.xcconfig */;
			buildSettings = {
				BUNDLE_LOADER = "$(TEST_HOST)";
				INFOPLIST_FILE = ivprototypeTests/Info.plist;
				LD_RUNPATH_SEARCH_PATHS = "$(inherited) @executable_path/Frameworks @loader_path/Frameworks";
				PRODUCT_BUNDLE_IDENTIFIER = ar.com.juancruzmdq.ivprototypeTests;
				PRODUCT_NAME = "$(TARGET_NAME)";
				TEST_HOST = "$(BUILT_PRODUCTS_DIR)/ivprototype.app/ivprototype";
			};
			name = Debug;
		};
		EEDF1B7A1C9762350023B80A /* Release */ = {
			isa = XCBuildConfiguration;
			baseConfigurationReference = 22D72413E7FEA42574A92867 /* Pods-ivprototypeTests.release.xcconfig */;
			buildSettings = {
				BUNDLE_LOADER = "$(TEST_HOST)";
				INFOPLIST_FILE = ivprototypeTests/Info.plist;
				LD_RUNPATH_SEARCH_PATHS = "$(inherited) @executable_path/Frameworks @loader_path/Frameworks";
				PRODUCT_BUNDLE_IDENTIFIER = ar.com.juancruzmdq.ivprototypeTests;
				PRODUCT_NAME = "$(TARGET_NAME)";
				TEST_HOST = "$(BUILT_PRODUCTS_DIR)/ivprototype.app/ivprototype";
			};
			name = Release;
		};
/* End XCBuildConfiguration section */

/* Begin XCConfigurationList section */
		EEDF1B4E1C9762350023B80A /* Build configuration list for PBXProject "ivprototype" */ = {
			isa = XCConfigurationList;
			buildConfigurations = (
				EEDF1B731C9762350023B80A /* Debug */,
				EEDF1B741C9762350023B80A /* Release */,
			);
			defaultConfigurationIsVisible = 0;
			defaultConfigurationName = Release;
		};
		EEDF1B751C9762350023B80A /* Build configuration list for PBXNativeTarget "ivprototype" */ = {
			isa = XCConfigurationList;
			buildConfigurations = (
				EEDF1B761C9762350023B80A /* Debug */,
				EEDF1B771C9762350023B80A /* Release */,
			);
			defaultConfigurationIsVisible = 0;
			defaultConfigurationName = Release;
		};
		EEDF1B781C9762350023B80A /* Build configuration list for PBXNativeTarget "ivprototypeTests" */ = {
			isa = XCConfigurationList;
			buildConfigurations = (
				EEDF1B791C9762350023B80A /* Debug */,
				EEDF1B7A1C9762350023B80A /* Release */,
			);
			defaultConfigurationIsVisible = 0;
			defaultConfigurationName = Release;
		};
/* End XCConfigurationList section */
	};
	rootObject = EEDF1B4B1C9762350023B80A /* Project object */;
}
